// !$*UTF8*$!
{
	archiveVersion = 1;
	classes = {
	};
	objectVersion = 46;
	objects = {

/* Begin PBXBuildFile section */
		497F5E551DDAB7730019B2EA /* main.cpp in Sources */ = {isa = PBXBuildFile; fileRef = 497F5E541DDAB7730019B2EA /* main.cpp */; };
/* End PBXBuildFile section */

/* Begin PBXCopyFilesBuildPhase section */
		497F5E4F1DDAB7730019B2EA /* CopyFiles */ = {
			isa = PBXCopyFilesBuildPhase;
			buildActionMask = 2147483647;
			dstPath = /usr/share/man/man1/;
			dstSubfolderSpec = 0;
			files = (
			);
			runOnlyForDeploymentPostprocessing = 1;
		};
/* End PBXCopyFilesBuildPhase section */

/* Begin PBXFileReference section */
		497F5E511DDAB7730019B2EA /* introduction_to_algorithm */ = {isa = PBXFileReference; explicitFileType = "compiled.mach-o.executable"; includeInIndex = 0; path = introduction_to_algorithm; sourceTree = BUILT_PRODUCTS_DIR; };
		497F5E541DDAB7730019B2EA /* main.cpp */ = {isa = PBXFileReference; lastKnownFileType = sourcecode.cpp.cpp; path = main.cpp; sourceTree = "<group>"; };
		497F5E5C1DDAB7F40019B2EA /* chapter15.h */ = {isa = PBXFileReference; lastKnownFileType = sourcecode.c.h; path = chapter15.h; sourceTree = "<group>"; };
/* End PBXFileReference section */

/* Begin PBXFrameworksBuildPhase section */
		497F5E4E1DDAB7730019B2EA /* Frameworks */ = {
			isa = PBXFrameworksBuildPhase;
			buildActionMask = 2147483647;
			files = (
			);
			runOnlyForDeploymentPostprocessing = 0;
		};
/* End PBXFrameworksBuildPhase section */

/* Begin PBXGroup section */
		497F5E481DDAB7730019B2EA = {
			isa = PBXGroup;
			children = (
				497F5E5B1DDAB77E0019B2EA /* chapter15 */,
				497F5E531DDAB7730019B2EA /* introduction_to_algorithm */,
				497F5E521DDAB7730019B2EA /* Products */,
			);
			sourceTree = "<group>";
		};
		497F5E521DDAB7730019B2EA /* Products */ = {
			isa = PBXGroup;
			children = (
				497F5E511DDAB7730019B2EA /* introduction_to_algorithm */,
			);
			name = Products;
			sourceTree = "<group>";
		};
		497F5E531DDAB7730019B2EA /* introduction_to_algorithm */ = {
			isa = PBXGroup;
			children = (
				497F5E541DDAB7730019B2EA /* main.cpp */,
			);
			path = introduction_to_algorithm;
			sourceTree = "<group>";
		};
		497F5E5B1DDAB77E0019B2EA /* chapter15 */ = {
			isa = PBXGroup;
			children = (
				497F5E5C1DDAB7F40019B2EA /* chapter15.h */,
			);
			name = chapter15;
			sourceTree = "<group>";
		};
/* End PBXGroup section */

/* Begin PBXNativeTarget section */
		497F5E501DDAB7730019B2EA /* introduction_to_algorithm */ = {
			isa = PBXNativeTarget;
			buildConfigurationList = 497F5E581DDAB7730019B2EA /* Build configuration list for PBXNativeTarget "introduction_to_algorithm" */;
			buildPhases = (
				497F5E4D1DDAB7730019B2EA /* Sources */,
				497F5E4E1DDAB7730019B2EA /* Frameworks */,
				497F5E4F1DDAB7730019B2EA /* CopyFiles */,
			);
			buildRules = (
			);
			dependencies = (
			);
			name = introduction_to_algorithm;
			productName = introduction_to_algorithm;
			productReference = 497F5E511DDAB7730019B2EA /* introduction_to_algorithm */;
			productType = "com.apple.product-type.tool";
		};
/* End PBXNativeTarget section */

/* Begin PBXProject section */
		497F5E491DDAB7730019B2EA /* Project object */ = {
			isa = PBXProject;
			attributes = {
				LastUpgradeCheck = 0810;
				ORGANIZATIONNAME = pengsida;
				TargetAttributes = {
					497F5E501DDAB7730019B2EA = {
						CreatedOnToolsVersion = 8.1;
						ProvisioningStyle = Automatic;
					};
				};
			};
			buildConfigurationList = 497F5E4C1DDAB7730019B2EA /* Build configuration list for PBXProject "introduction_to_algorithm" */;
			compatibilityVersion = "Xcode 3.2";
			developmentRegion = English;
			hasScannedForEncodings = 0;
			knownRegions = (
				en,
			);
			mainGroup = 497F5E481DDAB7730019B2EA;
			productRefGroup = 497F5E521DDAB7730019B2EA /* Products */;
			projectDirPath = "";
			projectRoot = "";
			targets = (
				497F5E501DDAB7730019B2EA /* introduction_to_algorithm */,
			);
		};
/* End PBXProject section */

/* Begin PBXSourcesBuildPhase section */
		497F5E4D1DDAB7730019B2EA /* Sources */ = {
			isa = PBXSourcesBuildPhase;
			buildActionMask = 2147483647;
			files = (
				497F5E551DDAB7730019B2EA /* main.cpp in Sources */,
			);
			runOnlyForDeploymentPostprocessing = 0;
		};
/* End PBXSourcesBuildPhase section */

/* Begin XCBuildConfiguration section */
		497F5E561DDAB7730019B2EA /* Debug */ = {
			isa = XCBuildConfiguration;
			buildSettings = {
				ALWAYS_SEARCH_USER_PATHS = NO;
				CLANG_ANALYZER_NONNULL = YES;
				CLANG_CXX_LANGUAGE_STANDARD = "gnu++0x";
				CLANG_CXX_LIBRARY = "libc++";
				CLANG_ENABLE_MODULES = YES;
				CLANG_ENABLE_OBJC_ARC = YES;
				CLANG_WARN_BOOL_CONVERSION = YES;
				CLANG_WARN_CONSTANT_CONVERSION = YES;
				CLANG_WARN_DIRECT_OBJC_ISA_USAGE = YES_ERROR;
				CLANG_WARN_DOCUMENTATION_COMMENTS = YES;
				CLANG_WARN_EMPTY_BODY = YES;
				CLANG_WARN_ENUM_CONVERSION = YES;
				CLANG_WARN_INFINITE_RECURSION = YES;
				CLANG_WARN_INT_CONVERSION = YES;
				CLANG_WARN_OBJC_ROOT_CLASS = YES_ERROR;
				CLANG_WARN_SUSPICIOUS_MOVES = YES;
				CLANG_WARN_UNREACHABLE_CODE = YES;
				CLANG_WARN__DUPLICATE_METHOD_MATCH = YES;
				CODE_SIGN_IDENTITY = "-";
				COPY_PHASE_STRIP = NO;
				DEBUG_INFORMATION_FORMAT = dwarf;
				ENABLE_STRICT_OBJC_MSGSEND = YES;
				ENABLE_TESTABILITY = YES;
				GCC_C_LANGUAGE_STANDARD = gnu99;
				GCC_DYNAMIC_NO_PIC = NO;
				GCC_NO_COMMON_BLOCKS = YES;
				GCC_OPTIMIZATION_LEVEL = 0;
				GCC_PREPROCESSOR_DEFINITIONS = (
					"DEBUG=1",
					"$(inherited)",
				);
				GCC_WARN_64_TO_32_BIT_CONVERSION = YES;
				GCC_WARN_ABOUT_RETURN_TYPE = YES_ERROR;
				GCC_WARN_UNDECLARED_SELECTOR = YES;
				GCC_WARN_UNINITIALIZED_AUTOS = YES_AGGRESSIVE;
				GCC_WARN_UNUSED_FUNCTION = YES;
				GCC_WARN_UNUSED_VARIABLE = YES;
				MACOSX_DEPLOYMENT_TARGET = 10.12;
				MTL_ENABLE_DEBUG_INFO = YES;
				ONLY_ACTIVE_ARCH = YES;
				SDKROOT = macosx;
			};
			name = Debug;
		};
		497F5E571DDAB7730019B2EA /* Release */ = {
			isa = XCBuildConfiguration;
			buildSettings = {
				ALWAYS_SEARCH_USER_PATHS = NO;
				CLANG_ANALYZER_NONNULL = YES;
				CLANG_CXX_LANGUAGE_STANDARD = "gnu++0x";
				CLANG_CXX_LIBRARY = "libc++";
				CLANG_ENABLE_MODULES = YES;
				CLANG_ENABLE_OBJC_ARC = YES;
				CLANG_WARN_BOOL_CONVERSION = YES;
				CLANG_WARN_CONSTANT_CONVERSION = YES;
				CLANG_WARN_DIRECT_OBJC_ISA_USAGE = YES_ERROR;
				CLANG_WARN_DOCUMENTATION_COMMENTS = YES;
				CLANG_WARN_EMPTY_BODY = YES;
				CLANG_WARN_ENUM_CONVERSION = YES;
				CLANG_WARN_INFINITE_RECURSION = YES;
				CLANG_WARN_INT_CONVERSION = YES;
				CLANG_WARN_OBJC_ROOT_CLASS = YES_ERROR;
				CLANG_WARN_SUSPICIOUS_MOVES = YES;
				CLANG_WARN_UNREACHABLE_CODE = YES;
				CLANG_WARN__DUPLICATE_METHOD_MATCH = YES;
				CODE_SIGN_IDENTITY = "-";
				COPY_PHASE_STRIP = NO;
				DEBUG_INFORMATION_FORMAT = "dwarf-with-dsym";
				ENABLE_NS_ASSERTIONS = NO;
				ENABLE_STRICT_OBJC_MSGSEND = YES;
				GCC_C_LANGUAGE_STANDARD = gnu99;
				GCC_NO_COMMON_BLOCKS = YES;
				GCC_WARN_64_TO_32_BIT_CONVERSION = YES;
				GCC_WARN_ABOUT_RETURN_TYPE = YES_ERROR;
				GCC_WARN_UNDECLARED_SELECTOR = YES;
				GCC_WARN_UNINITIALIZED_AUTOS = YES_AGGRESSIVE;
				GCC_WARN_UNUSED_FUNCTION = YES;
				GCC_WARN_UNUSED_VARIABLE = YES;
				MACOSX_DEPLOYMENT_TARGET = 10.12;
				MTL_ENABLE_DEBUG_INFO = NO;
				SDKROOT = macosx;
			};
			name = Release;
		};
		497F5E591DDAB7730019B2EA /* Debug */ = {
			isa = XCBuildConfiguration;
			buildSettings = {
				PRODUCT_NAME = "$(TARGET_NAME)";
			};
			name = Debug;
		};
		497F5E5A1DDAB7730019B2EA /* Release */ = {
			isa = XCBuildConfiguration;
			buildSettings = {
				PRODUCT_NAME = "$(TARGET_NAME)";
			};
			name = Release;
		};
/* End XCBuildConfiguration section */

/* Begin XCConfigurationList section */
		497F5E4C1DDAB7730019B2EA /* Build configuration list for PBXProject "introduction_to_algorithm" */ = {
			isa = XCConfigurationList;
			buildConfigurations = (
				497F5E561DDAB7730019B2EA /* Debug */,
				497F5E571DDAB7730019B2EA /* Release */,
			);
			defaultConfigurationIsVisible = 0;
			defaultConfigurationName = Release;
		};
		497F5E581DDAB7730019B2EA /* Build configuration list for PBXNativeTarget "introduction_to_algorithm" */ = {
			isa = XCConfigurationList;
			buildConfigurations = (
				497F5E591DDAB7730019B2EA /* Debug */,
				497F5E5A1DDAB7730019B2EA /* Release */,
			);
			defaultConfigurationIsVisible = 0;
		};
/* End XCConfigurationList section */
	};
	rootObject = 497F5E491DDAB7730019B2EA /* Project object */;
}
